// !$*UTF8*$!
{
	archiveVersion = 1;
	classes = {
	};
	objectVersion = 48;
	objects = {

/* Begin PBXBuildFile section */
		054AF7A6219D2A6200ECC931 /* AppDelegate.swift in Sources */ = {isa = PBXBuildFile; fileRef = 054AF7A5219D2A6200ECC931 /* AppDelegate.swift */; };
		054AF7A8219D2A6200ECC931 /* ViewController.swift in Sources */ = {isa = PBXBuildFile; fileRef = 054AF7A7219D2A6200ECC931 /* ViewController.swift */; };
		054AF7AB219D2A6200ECC931 /* Main.storyboard in Resources */ = {isa = PBXBuildFile; fileRef = 054AF7A9219D2A6200ECC931 /* Main.storyboard */; };
		054AF7AE219D2A6200ECC931 /* MidtermStarterF18.xcdatamodeld in Sources */ = {isa = PBXBuildFile; fileRef = 054AF7AC219D2A6200ECC931 /* MidtermStarterF18.xcdatamodeld */; };
		054AF7B0219D2A6200ECC931 /* Assets.xcassets in Resources */ = {isa = PBXBuildFile; fileRef = 054AF7AF219D2A6200ECC931 /* Assets.xcassets */; };
		054AF7B3219D2A6200ECC931 /* LaunchScreen.storyboard in Resources */ = {isa = PBXBuildFile; fileRef = 054AF7B1219D2A6200ECC931 /* LaunchScreen.storyboard */; };
		054AF7BB219D2B7D00ECC931 /* MenuTableViewController.swift in Sources */ = {isa = PBXBuildFile; fileRef = 054AF7BA219D2B7D00ECC931 /* MenuTableViewController.swift */; };
		054AF7BD219D305800ECC931 /* AddCustomerViewController.swift in Sources */ = {isa = PBXBuildFile; fileRef = 054AF7BC219D305800ECC931 /* AddCustomerViewController.swift */; };
		054AF7BF219D321C00ECC931 /* DepositViewController.swift in Sources */ = {isa = PBXBuildFile; fileRef = 054AF7BE219D321C00ECC931 /* DepositViewController.swift */; };
/* End PBXBuildFile section */

/* Begin PBXFileReference section */
		054AF7A2219D2A6200ECC931 /* MidtermStarterF18.app */ = {isa = PBXFileReference; explicitFileType = wrapper.application; includeInIndex = 0; path = MidtermStarterF18.app; sourceTree = BUILT_PRODUCTS_DIR; };
		054AF7A5219D2A6200ECC931 /* AppDelegate.swift */ = {isa = PBXFileReference; lastKnownFileType = sourcecode.swift; path = AppDelegate.swift; sourceTree = "<group>"; };
		054AF7A7219D2A6200ECC931 /* ViewController.swift */ = {isa = PBXFileReference; lastKnownFileType = sourcecode.swift; path = ViewController.swift; sourceTree = "<group>"; };
		054AF7AA219D2A6200ECC931 /* Base */ = {isa = PBXFileReference; lastKnownFileType = file.storyboard; name = Base; path = Base.lproj/Main.storyboard; sourceTree = "<group>"; };
		054AF7AD219D2A6200ECC931 /* MidtermStarterF18.xcdatamodel */ = {isa = PBXFileReference; lastKnownFileType = wrapper.xcdatamodel; path = MidtermStarterF18.xcdatamodel; sourceTree = "<group>"; };
		054AF7AF219D2A6200ECC931 /* Assets.xcassets */ = {isa = PBXFileReference; lastKnownFileType = folder.assetcatalog; path = Assets.xcassets; sourceTree = "<group>"; };
		054AF7B2219D2A6200ECC931 /* Base */ = {isa = PBXFileReference; lastKnownFileType = file.storyboard; name = Base; path = Base.lproj/LaunchScreen.storyboard; sourceTree = "<group>"; };
		054AF7B4219D2A6200ECC931 /* Info.plist */ = {isa = PBXFileReference; lastKnownFileType = text.plist.xml; path = Info.plist; sourceTree = "<group>"; };
		054AF7BA219D2B7D00ECC931 /* MenuTableViewController.swift */ = {isa = PBXFileReference; lastKnownFileType = sourcecode.swift; path = MenuTableViewController.swift; sourceTree = "<group>"; };
		054AF7BC219D305800ECC931 /* AddCustomerViewController.swift */ = {isa = PBXFileReference; lastKnownFileType = sourcecode.swift; path = AddCustomerViewController.swift; sourceTree = "<group>"; };
		054AF7BE219D321C00ECC931 /* DepositViewController.swift */ = {isa = PBXFileReference; lastKnownFileType = sourcecode.swift; path = DepositViewController.swift; sourceTree = "<group>"; };
/* End PBXFileReference section */

/* Begin PBXFrameworksBuildPhase section */
		054AF79F219D2A6200ECC931 /* Frameworks */ = {
			isa = PBXFrameworksBuildPhase;
			buildActionMask = 2147483647;
			files = (
			);
			runOnlyForDeploymentPostprocessing = 0;
		};
/* End PBXFrameworksBuildPhase section */

/* Begin PBXGroup section */
		054AF799219D2A6200ECC931 = {
			isa = PBXGroup;
			children = (
				054AF7A4219D2A6200ECC931 /* MidtermStarterF18 */,
				054AF7A3219D2A6200ECC931 /* Products */,
			);
			sourceTree = "<group>";
		};
		054AF7A3219D2A6200ECC931 /* Products */ = {
			isa = PBXGroup;
			children = (
				054AF7A2219D2A6200ECC931 /* MidtermStarterF18.app */,
			);
			name = Products;
			sourceTree = "<group>";
		};
		054AF7A4219D2A6200ECC931 /* MidtermStarterF18 */ = {
			isa = PBXGroup;
			children = (
				054AF7A5219D2A6200ECC931 /* AppDelegate.swift */,
				054AF7A7219D2A6200ECC931 /* ViewController.swift */,
				054AF7A9219D2A6200ECC931 /* Main.storyboard */,
				054AF7BE219D321C00ECC931 /* DepositViewController.swift */,
				054AF7BC219D305800ECC931 /* AddCustomerViewController.swift */,
				054AF7BA219D2B7D00ECC931 /* MenuTableViewController.swift */,
				054AF7AF219D2A6200ECC931 /* Assets.xcassets */,
				054AF7B1219D2A6200ECC931 /* LaunchScreen.storyboard */,
				054AF7B4219D2A6200ECC931 /* Info.plist */,
				054AF7AC219D2A6200ECC931 /* MidtermStarterF18.xcdatamodeld */,
			);
			path = MidtermStarterF18;
			sourceTree = "<group>";
		};
/* End PBXGroup section */

/* Begin PBXNativeTarget section */
		054AF7A1219D2A6200ECC931 /* MidtermStarterF18 */ = {
			isa = PBXNativeTarget;
			buildConfigurationList = 054AF7B7219D2A6200ECC931 /* Build configuration list for PBXNativeTarget "MidtermStarterF18" */;
			buildPhases = (
				054AF79E219D2A6200ECC931 /* Sources */,
				054AF79F219D2A6200ECC931 /* Frameworks */,
				054AF7A0219D2A6200ECC931 /* Resources */,
			);
			buildRules = (
			);
			dependencies = (
			);
			name = MidtermStarterF18;
			productName = MidtermStarterF18;
			productReference = 054AF7A2219D2A6200ECC931 /* MidtermStarterF18.app */;
			productType = "com.apple.product-type.application";
		};
/* End PBXNativeTarget section */

/* Begin PBXProject section */
		054AF79A219D2A6200ECC931 /* Project object */ = {
			isa = PBXProject;
			attributes = {
				LastSwiftUpdateCheck = 0920;
				LastUpgradeCheck = 0920;
				ORGANIZATIONNAME = room1;
				TargetAttributes = {
					054AF7A1219D2A6200ECC931 = {
						CreatedOnToolsVersion = 9.2;
						ProvisioningStyle = Automatic;
					};
				};
			};
			buildConfigurationList = 054AF79D219D2A6200ECC931 /* Build configuration list for PBXProject "MidtermStarterF18" */;
			compatibilityVersion = "Xcode 8.0";
			developmentRegion = en;
			hasScannedForEncodings = 0;
			knownRegions = (
				en,
				Base,
			);
			mainGroup = 054AF799219D2A6200ECC931;
			productRefGroup = 054AF7A3219D2A6200ECC931 /* Products */;
			projectDirPath = "";
			projectRoot = "";
			targets = (
				054AF7A1219D2A6200ECC931 /* MidtermStarterF18 */,
			);
		};
/* End PBXProject section */

/* Begin PBXResourcesBuildPhase section */
		054AF7A0219D2A6200ECC931 /* Resources */ = {
			isa = PBXResourcesBuildPhase;
			buildActionMask = 2147483647;
			files = (
				054AF7B3219D2A6200ECC931 /* LaunchScreen.storyboard in Resources */,
				054AF7B0219D2A6200ECC931 /* Assets.xcassets in Resources */,
				054AF7AB219D2A6200ECC931 /* Main.storyboard in Resources */,
			);
			runOnlyForDeploymentPostprocessing = 0;
		};
/* End PBXResourcesBuildPhase section */

/* Begin PBXSourcesBuildPhase section */
		054AF79E219D2A6200ECC931 /* Sources */ = {
			isa = PBXSourcesBuildPhase;
			buildActionMask = 2147483647;
			files = (
				054AF7BB219D2B7D00ECC931 /* MenuTableViewController.swift in Sources */,
				054AF7BF219D321C00ECC931 /* DepositViewController.swift in Sources */,
				054AF7A8219D2A6200ECC931 /* ViewController.swift in Sources */,
				054AF7A6219D2A6200ECC931 /* AppDelegate.swift in Sources */,
				054AF7AE219D2A6200ECC931 /* MidtermStarterF18.xcdatamodeld in Sources */,
				054AF7BD219D305800ECC931 /* AddCustomerViewController.swift in Sources */,
			);
			runOnlyForDeploymentPostprocessing = 0;
		};
/* End PBXSourcesBuildPhase section */

/* Begin PBXVariantGroup section */
		054AF7A9219D2A6200ECC931 /* Main.storyboard */ = {
			isa = PBXVariantGroup;
			children = (
				054AF7AA219D2A6200ECC931 /* Base */,
			);
			name = Main.storyboard;
			sourceTree = "<group>";
		};
		054AF7B1219D2A6200ECC931 /* LaunchScreen.storyboard */ = {
			isa = PBXVariantGroup;
			children = (
				054AF7B2219D2A6200ECC931 /* Base */,
			);
			name = LaunchScreen.storyboard;
			sourceTree = "<group>";
		};
/* End PBXVariantGroup section */

/* Begin XCBuildConfiguration section */
		054AF7B5219D2A6200ECC931 /* Debug */ = {
			isa = XCBuildConfiguration;
			buildSettings = {
				ALWAYS_SEARCH_USER_PATHS = NO;
				CLANG_ANALYZER_NONNULL = YES;
				CLANG_ANALYZER_NUMBER_OBJECT_CONVERSION = YES_AGGRESSIVE;
				CLANG_CXX_LANGUAGE_STANDARD = "gnu++14";
				CLANG_CXX_LIBRARY = "libc++";
				CLANG_ENABLE_MODULES = YES;
				CLANG_ENABLE_OBJC_ARC = YES;
				CLANG_WARN_BLOCK_CAPTURE_AUTORELEASING = YES;
				CLANG_WARN_BOOL_CONVERSION = YES;
				CLANG_WARN_COMMA = YES;
				CLANG_WARN_CONSTANT_CONVERSION = YES;
				CLANG_WARN_DIRECT_OBJC_ISA_USAGE = YES_ERROR;
				CLANG_WARN_DOCUMENTATION_COMMENTS = YES;
				CLANG_WARN_EMPTY_BODY = YES;
				CLANG_WARN_ENUM_CONVERSION = YES;
				CLANG_WARN_INFINITE_RECURSION = YES;
				CLANG_WARN_INT_CONVERSION = YES;
				CLANG_WARN_NON_LITERAL_NULL_CONVERSION = YES;
				CLANG_WARN_OBJC_LITERAL_CONVERSION = YES;
				CLANG_WARN_OBJC_ROOT_CLASS = YES_ERROR;
				CLANG_WARN_RANGE_LOOP_ANALYSIS = YES;
				CLANG_WARN_STRICT_PROTOTYPES = YES;
				CLANG_WARN_SUSPICIOUS_MOVE = YES;
				CLANG_WARN_UNGUARDED_AVAILABILITY = YES_AGGRESSIVE;
				CLANG_WARN_UNREACHABLE_CODE = YES;
				CLANG_WARN__DUPLICATE_METHOD_MATCH = YES;
				CODE_SIGN_IDENTITY = "iPhone Developer";
				COPY_PHASE_STRIP = NO;
				DEBUG_INFORMATION_FORMAT = dwarf;
				ENABLE_STRICT_OBJC_MSGSEND = YES;
				ENABLE_TESTABILITY = YES;
				GCC_C_LANGUAGE_STANDARD = gnu11;
				GCC_DYNAMIC_NO_PIC = NO;
				GCC_NO_COMMON_BLOCKS = YES;
				GCC_OPTIMIZATION_LEVEL = 0;
				GCC_PREPROCESSOR_DEFINITIONS = (
					"DEBUG=1",
					"$(inherited)",
				);
				GCC_WARN_64_TO_32_BIT_CONVERSION = YES;
				GCC_WARN_ABOUT_RETURN_TYPE = YES_ERROR;
				GCC_WARN_UNDECLARED_SELECTOR = YES;
				GCC_WARN_UNINITIALIZED_AUTOS = YES_AGGRESSIVE;
				GCC_WARN_UNUSED_FUNCTION = YES;
				GCC_WARN_UNUSED_VARIABLE = YES;
				IPHONEOS_DEPLOYMENT_TARGET = 11.2;
				MTL_ENABLE_DEBUG_INFO = YES;
				ONLY_ACTIVE_ARCH = YES;
				SDKROOT = iphoneos;
				SWIFT_ACTIVE_COMPILATION_CONDITIONS = DEBUG;
				SWIFT_OPTIMIZATION_LEVEL = "-Onone";
			};
			name = Debug;
		};
		054AF7B6219D2A6200ECC931 /* Release */ = {
			isa = XCBuildConfiguration;
			buildSettings = {
				ALWAYS_SEARCH_USER_PATHS = NO;
				CLANG_ANALYZER_NONNULL = YES;
				CLANG_ANALYZER_NUMBER_OBJECT_CONVERSION = YES_AGGRESSIVE;
				CLANG_CXX_LANGUAGE_STANDARD = "gnu++14";
				CLANG_CXX_LIBRARY = "libc++";
				CLANG_ENABLE_MODULES = YES;
				CLANG_ENABLE_OBJC_ARC = YES;
				CLANG_WARN_BLOCK_CAPTURE_AUTORELEASING = YES;
				CLANG_WARN_BOOL_CONVERSION = YES;
				CLANG_WARN_COMMA = YES;
				CLANG_WARN_CONSTANT_CONVERSION = YES;
				CLANG_WARN_DIRECT_OBJC_ISA_USAGE = YES_ERROR;
				CLANG_WARN_DOCUMENTATION_COMMENTS = YES;
				CLANG_WARN_EMPTY_BODY = YES;
				CLANG_WARN_ENUM_CONVERSION = YES;
				CLANG_WARN_INFINITE_RECURSION = YES;
				CLANG_WARN_INT_CONVERSION = YES;
				CLANG_WARN_NON_LITERAL_NULL_CONVERSION = YES;
				CLANG_WARN_OBJC_LITERAL_CONVERSION = YES;
				CLANG_WARN_OBJC_ROOT_CLASS = YES_ERROR;
				CLANG_WARN_RANGE_LOOP_ANALYSIS = YES;
				CLANG_WARN_STRICT_PROTOTYPES = YES;
				CLANG_WARN_SUSPICIOUS_MOVE = YES;
				CLANG_WARN_UNGUARDED_AVAILABILITY = YES_AGGRESSIVE;
				CLANG_WARN_UNREACHABLE_CODE = YES;
				CLANG_WARN__DUPLICATE_METHOD_MATCH = YES;
				CODE_SIGN_IDENTITY = "iPhone Developer";
				COPY_PHASE_STRIP = NO;
				DEBUG_INFORMATION_FORMAT = "dwarf-with-dsym";
				ENABLE_NS_ASSERTIONS = NO;
				ENABLE_STRICT_OBJC_MSGSEND = YES;
				GCC_C_LANGUAGE_STANDARD = gnu11;
				GCC_NO_COMMON_BLOCKS = YES;
				GCC_WARN_64_TO_32_BIT_CONVERSION = YES;
				GCC_WARN_ABOUT_RETURN_TYPE = YES_ERROR;
				GCC_WARN_UNDECLARED_SELECTOR = YES;
				GCC_WARN_UNINITIALIZED_AUTOS = YES_AGGRESSIVE;
				GCC_WARN_UNUSED_FUNCTION = YES;
				GCC_WARN_UNUSED_VARIABLE = YES;
				IPHONEOS_DEPLOYMENT_TARGET = 11.2;
				MTL_ENABLE_DEBUG_INFO = NO;
				SDKROOT = iphoneos;
				SWIFT_OPTIMIZATION_LEVEL = "-Owholemodule";
				VALIDATE_PRODUCT = YES;
			};
			name = Release;
		};
		054AF7B8219D2A6200ECC931 /* Debug */ = {
			isa = XCBuildConfiguration;
			buildSettings = {
				ASSETCATALOG_COMPILER_APPICON_NAME = AppIcon;
				CODE_SIGN_STYLE = Automatic;
				INFOPLIST_FILE = MidtermStarterF18/Info.plist;
				LD_RUNPATH_SEARCH_PATHS = "$(inherited) @executable_path/Frameworks";
				PRODUCT_BUNDLE_IDENTIFIER = boardroom.MidtermStarterF18;
				PRODUCT_NAME = "$(TARGET_NAME)";
				SWIFT_VERSION = 4.0;
				TARGETED_DEVICE_FAMILY = "1,2";
			};
			name = Debug;
		};
		054AF7B9219D2A6200ECC931 /* Release */ = {
			isa = XCBuildConfiguration;
			buildSettings = {
				ASSETCATALOG_COMPILER_APPICON_NAME = AppIcon;
				CODE_SIGN_STYLE = Automatic;
				INFOPLIST_FILE = MidtermStarterF18/Info.plist;
				LD_RUNPATH_SEARCH_PATHS = "$(inherited) @executable_path/Frameworks";
				PRODUCT_BUNDLE_IDENTIFIER = boardroom.MidtermStarterF18;
				PRODUCT_NAME = "$(TARGET_NAME)";
				SWIFT_VERSION = 4.0;
				TARGETED_DEVICE_FAMILY = "1,2";
			};
			name = Release;
		};
/* End XCBuildConfiguration section */

/* Begin XCConfigurationList section */
		054AF79D219D2A6200ECC931 /* Build configuration list for PBXProject "MidtermStarterF18" */ = {
			isa = XCConfigurationList;
			buildConfigurations = (
				054AF7B5219D2A6200ECC931 /* Debug */,
				054AF7B6219D2A6200ECC931 /* Release */,
			);
			defaultConfigurationIsVisible = 0;
			defaultConfigurationName = Release;
		};
		054AF7B7219D2A6200ECC931 /* Build configuration list for PBXNativeTarget "MidtermStarterF18" */ = {
			isa = XCConfigurationList;
			buildConfigurations = (
				054AF7B8219D2A6200ECC931 /* Debug */,
				054AF7B9219D2A6200ECC931 /* Release */,
			);
			defaultConfigurationIsVisible = 0;
			defaultConfigurationName = Release;
		};
/* End XCConfigurationList section */

/* Begin XCVersionGroup section */
		054AF7AC219D2A6200ECC931 /* MidtermStarterF18.xcdatamodeld */ = {
			isa = XCVersionGroup;
			children = (
				054AF7AD219D2A6200ECC931 /* MidtermStarterF18.xcdatamodel */,
			);
			currentVersion = 054AF7AD219D2A6200ECC931 /* MidtermStarterF18.xcdatamodel */;
			path = MidtermStarterF18.xcdatamodeld;
			sourceTree = "<group>";
			versionGroupType = wrapper.xcdatamodel;
		};
/* End XCVersionGroup section */
	};
	rootObject = 054AF79A219D2A6200ECC931 /* Project object */;
}
